
Microsoft Visual Studio Solution File, Format Version 12.00
# Visual Studio Version 17
VisualStudioVersion = 17.11.35303.130
MinimumVisualStudioVersion = 10.0.40219.1
Project("{8BC9CEB8-8B4A-11D0-8D11-00A0C91BC942}") = "Chapter 2 Programming Project", "Chapter 2 Programming Project.vcxproj", "{266355B8-FC69-43E1-874E-E18A7FD8017C}"
EndProject
Global
	GlobalSection(SolutionConfigurationPlatforms) = preSolution
		Debug|x64 = Debug|x64
		Debug|x86 = Debug|x86
		Release|x64 = Release|x64
		Release|x86 = Release|x86
	EndGlobalSection
	GlobalSection(ProjectConfigurationPlatforms) = postSolution
		{266355B8-FC69-43E1-874E-E18A7FD8017C}.Debug|x64.ActiveCfg = Debug|x64
		{266355B8-FC69-43E1-874E-E18A7FD8017C}.Debug|x64.Build.0 = Debug|x64
		{266355B8-FC69-43E1-874E-E18A7FD8017C}.Debug|x86.ActiveCfg = Debug|Win32
		{266355B8-FC69-43E1-874E-E18A7FD8017C}.Debug|x86.Build.0 = Debug|Win32
		{266355B8-FC69-43E1-874E-E18A7FD8017C}.Release|x64.ActiveCfg = Release|x64
		{266355B8-FC69-43E1-874E-E18A7FD8017C}.Release|x64.Build.0 = Release|x64
		{266355B8-FC69-43E1-874E-E18A7FD8017C}.Release|x86.ActiveCfg = Release|Win32
		{266355B8-FC69-43E1-874E-E18A7FD8017C}.Release|x86.Build.0 = Release|Win32
	EndGlobalSection
	GlobalSection(SolutionProperties) = preSolution
		HideSolutionNode = FALSE
	EndGlobalSection
	GlobalSection(ExtensibilityGlobals) = postSolution
		SolutionGuid = {2A8FC36A-F7C5-4C48-95F3-03FC8DCAC2E5}
	EndGlobalSection
EndGlobal
